
Microsoft Visual Studio Solution File, Format Version 12.00
# Visual Studio 14
VisualStudioVersion = 14.0.25420.1
MinimumVisualStudioVersion = 10.0.40219.1
Project("{8BC9CEB8-8B4A-11D0-8D11-00A0C91BC942}") = "wp81DumpRegistry", "wp81DumpRegistry\wp81DumpRegistry.vcxproj", "{561339F1-3815-470D-B680-CE32BEE8E360}"
EndProject
Project("{2150E333-8FDC-42A3-9474-1A3956D46DE8}") = "Solution Items", "Solution Items", "{A6404D2F-917D-4DA0-8CCD-D8253D0A5490}"
	ProjectSection(SolutionItems) = preProject
		Performance1.psess = Performance1.psess
	EndProjectSection
EndProject
Global
	GlobalSection(SolutionConfigurationPlatforms) = preSolution
		Debug|ARM = Debug|ARM
		Debug|x86 = Debug|x86
		Release|ARM = Release|ARM
		Release|x86 = Release|x86
	EndGlobalSection
	GlobalSection(ProjectConfigurationPlatforms) = postSolution
		{561339F1-3815-470D-B680-CE32BEE8E360}.Debug|ARM.ActiveCfg = Debug|ARM
		{561339F1-3815-470D-B680-CE32BEE8E360}.Debug|ARM.Build.0 = Debug|ARM
		{561339F1-3815-470D-B680-CE32BEE8E360}.Debug|ARM.Deploy.0 = Debug|ARM
		{561339F1-3815-470D-B680-CE32BEE8E360}.Debug|x86.ActiveCfg = Debug|Win32
		{561339F1-3815-470D-B680-CE32BEE8E360}.Debug|x86.Build.0 = Debug|Win32
		{561339F1-3815-470D-B680-CE32BEE8E360}.Debug|x86.Deploy.0 = Debug|Win32
		{561339F1-3815-470D-B680-CE32BEE8E360}.Release|ARM.ActiveCfg = Release|ARM
		{561339F1-3815-470D-B680-CE32BEE8E360}.Release|ARM.Build.0 = Release|ARM
		{561339F1-3815-470D-B680-CE32BEE8E360}.Release|ARM.Deploy.0 = Release|ARM
		{561339F1-3815-470D-B680-CE32BEE8E360}.Release|x86.ActiveCfg = Release|Win32
		{561339F1-3815-470D-B680-CE32BEE8E360}.Release|x86.Build.0 = Release|Win32
		{561339F1-3815-470D-B680-CE32BEE8E360}.Release|x86.Deploy.0 = Release|Win32
	EndGlobalSection
	GlobalSection(SolutionProperties) = preSolution
		HideSolutionNode = FALSE
	EndGlobalSection
EndGlobal
